
Microsoft Visual Studio Solution File, Format Version 12.00
# Visual Studio Version 17
VisualStudioVersion = 17.5.33516.290
MinimumVisualStudioVersion = 10.0.40219.1
Project("{FAE04EC0-301F-11D3-BF4B-00C04F79EFBC}") = "Test", "Test\Test.csproj", "{C0143246-287C-4E9F-A9FC-EF66C175474F}"
EndProject
Global
	GlobalSection(SolutionConfigurationPlatforms) = preSolution
		Debug|Any CPU = Debug|Any CPU
		Release|Any CPU = Release|Any CPU
	EndGlobalSection
	GlobalSection(ProjectConfigurationPlatforms) = postSolution
		{C0143246-287C-4E9F-A9FC-EF66C175474F}.Debug|Any CPU.ActiveCfg = Debug|Any CPU
		{C0143246-287C-4E9F-A9FC-EF66C175474F}.Debug|Any CPU.Build.0 = Debug|Any CPU
		{C0143246-287C-4E9F-A9FC-EF66C175474F}.Release|Any CPU.ActiveCfg = Release|Any CPU
		{C0143246-287C-4E9F-A9FC-EF66C175474F}.Release|Any CPU.Build.0 = Release|Any CPU
	EndGlobalSection
	GlobalSection(SolutionProperties) = preSolution
		HideSolutionNode = FALSE
	EndGlobalSection
	GlobalSection(ExtensibilityGlobals) = postSolution
		SolutionGuid = {8F1A6948-8436-4B8A-BFA3-0FD55BD64913}
	EndGlobalSection
EndGlobal
